
Microsoft Visual Studio Solution File, Format Version 12.00
# Visual Studio Version 16
VisualStudioVersion = 16.0.30523.141
MinimumVisualStudioVersion = 10.0.40219.1
Project("{FAE04EC0-301F-11D3-BF4B-00C04F79EFBC}") = "Timu_Vlad_Lab5", "Timu_Vlad_Lab5.csproj", "{3CFF1942-24E0-4DCD-914C-1834351F2269}"
EndProject
Global
	GlobalSection(SolutionConfigurationPlatforms) = preSolution
		Debug|Any CPU = Debug|Any CPU
		Release|Any CPU = Release|Any CPU
	EndGlobalSection
	GlobalSection(ProjectConfigurationPlatforms) = postSolution
		{3CFF1942-24E0-4DCD-914C-1834351F2269}.Debug|Any CPU.ActiveCfg = Debug|Any CPU
		{3CFF1942-24E0-4DCD-914C-1834351F2269}.Debug|Any CPU.Build.0 = Debug|Any CPU
		{3CFF1942-24E0-4DCD-914C-1834351F2269}.Release|Any CPU.ActiveCfg = Release|Any CPU
		{3CFF1942-24E0-4DCD-914C-1834351F2269}.Release|Any CPU.Build.0 = Release|Any CPU
	EndGlobalSection
	GlobalSection(SolutionProperties) = preSolution
		HideSolutionNode = FALSE
	EndGlobalSection
	GlobalSection(ExtensibilityGlobals) = postSolution
		SolutionGuid = {37771739-76BD-4355-80B0-E2DE5C0D76D1}
	EndGlobalSection
EndGlobal
